{
    "_readme": [
        "This file locks the dependencies of your project to a known state",
        "Read more about it at https://getcomposer.org/doc/01-basic-usage.md#installing-dependencies",
        "This file is @generated automatically"
    ],
    "content-hash": "f1ff048e89e414fd429d10ab5dd6add0",
    "packages": [
        {
            "name": "corveda/php-sandbox",
            "version": "v3.1",
            "source": {
                "type": "git",
                "url": "https://github.com/Corveda/PHPSandbox.git",
                "reference": "0e14807f2172abfd8dd49fae7750a227d7309fe9"
            },
            "dist": {
                "type": "zip",
                "url": "https://api.github.com/repos/Corveda/PHPSandbox/zipball/0e14807f2172abfd8dd49fae7750a227d7309fe9",
                "reference": "0e14807f2172abfd8dd49fae7750a227d7309fe9",
                "shasum": ""
            },
            "require": {
                "ext-json": "*",
                "nikic/php-parser": "^5.0",
                "php": ">=7.4|>=8.0",
                "simpletools/functionparser": "^1.0"
            },
            "replace": {
                "fieryprophet/php-sandbox": "*"
            },
            "require-dev": {
                "phpunit/phpunit": "^9.5",
                "symfony/yaml": "~3.0|~4.0|~5.0"
            },
            "type": "library",
            "autoload": {
                "files": [
                    "src/functions.php"
                ],
                "psr-4": {
                    "PHPSandbox\\": "src/"
                }
            },
            "notification-url": "https://packagist.org/downloads/",
            "license": [
                "BSD-3-Clause"
            ],
            "authors": [
                {
                    "name": "Elijah Horton",
                    "email": "elijah@corveda.com"
                },
                {
                    "name": "Corveda, LLC."
                }
            ],
            "description": "A PHP library that can be used to run PHP code in a sandboxed environment",
            "homepage": "https://phpsandbox.org/",
            "keywords": [
                "blacklist",
                "parser",
                "php",
                "sandbox",
                "whitelist"
            ],
            "support": {
                "issues": "https://github.com/Corveda/PHPSandbox/issues",
                "source": "https://github.com/Corveda/PHPSandbox/tree/v3.1"
            },
            "time": "2024-02-17T16:26:09+00:00"
        },
        {
            "name": "nikic/php-parser",
            "version": "v5.0.2",
            "source": {
                "type": "git",
                "url": "https://github.com/nikic/PHP-Parser.git",
                "reference": "139676794dc1e9231bf7bcd123cfc0c99182cb13"
            },
            "dist": {
                "type": "zip",
                "url": "https://api.github.com/repos/nikic/PHP-Parser/zipball/139676794dc1e9231bf7bcd123cfc0c99182cb13",
                "reference": "139676794dc1e9231bf7bcd123cfc0c99182cb13",
                "shasum": ""
            },
            "require": {
                "ext-ctype": "*",
                "ext-json": "*",
                "ext-tokenizer": "*",
                "php": ">=7.4"
            },
            "require-dev": {
                "ircmaxell/php-yacc": "^0.0.7",
                "phpunit/phpunit": "^7.0 || ^8.0 || ^9.0"
            },
            "bin": [
                "bin/php-parse"
            ],
            "type": "library",
            "extra": {
                "branch-alias": {
                    "dev-master": "5.0-dev"
                }
            },
            "autoload": {
                "psr-4": {
                    "PhpParser\\": "lib/PhpParser"
                }
            },
            "notification-url": "https://packagist.org/downloads/",
            "license": [
                "BSD-3-Clause"
            ],
            "authors": [
                {
                    "name": "Nikita Popov"
                }
            ],
            "description": "A PHP parser written in PHP",
            "keywords": [
                "parser",
                "php"
            ],
            "support": {
                "issues": "https://github.com/nikic/PHP-Parser/issues",
                "source": "https://github.com/nikic/PHP-Parser/tree/v5.0.2"
            },
            "time": "2024-03-05T20:51:40+00:00"
        },
        {
            "name": "phpmyadmin/sql-parser",
            "version": "5.9.0",
            "source": {
                "type": "git",
                "url": "https://github.com/phpmyadmin/sql-parser.git",
                "reference": "011fa18a4e55591fac6545a821921dd1d61c6984"
            },
            "dist": {
                "type": "zip",
                "url": "https://api.github.com/repos/phpmyadmin/sql-parser/zipball/011fa18a4e55591fac6545a821921dd1d61c6984",
                "reference": "011fa18a4e55591fac6545a821921dd1d61c6984",
                "shasum": ""
            },
            "require": {
                "php": "^7.2 || ^8.0",
                "symfony/polyfill-mbstring": "^1.3",
                "symfony/polyfill-php80": "^1.16"
            },
            "conflict": {
                "phpmyadmin/motranslator": "<3.0"
            },
            "require-dev": {
                "phpbench/phpbench": "^1.1",
                "phpmyadmin/coding-standard": "^3.0",
                "phpmyadmin/motranslator": "^4.0 || ^5.0",
                "phpstan/extension-installer": "^1.1",
                "phpstan/phpstan": "^1.9.12",
                "phpstan/phpstan-phpunit": "^1.3.3",
                "phpunit/php-code-coverage": "*",
                "phpunit/phpunit": "^7.5 || ^8.5 || ^9.5",
                "psalm/plugin-phpunit": "^0.16.1",
                "vimeo/psalm": "^4.11",
                "zumba/json-serializer": "~3.0.2"
            },
            "suggest": {
                "ext-mbstring": "For best performance",
                "phpmyadmin/motranslator": "Translate messages to your favorite locale"
            },
            "bin": [
                "bin/highlight-query",
                "bin/lint-query",
                "bin/sql-parser",
                "bin/tokenize-query"
            ],
            "type": "library",
            "autoload": {
                "psr-4": {
                    "PhpMyAdmin\\SqlParser\\": "src"
                }
            },
            "notification-url": "https://packagist.org/downloads/",
            "license": [
                "GPL-2.0-or-later"
            ],
            "authors": [
                {
                    "name": "The phpMyAdmin Team",
                    "email": "developers@phpmyadmin.net",
                    "homepage": "https://www.phpmyadmin.net/team/"
                }
            ],
            "description": "A validating SQL lexer and parser with a focus on MySQL dialect.",
            "homepage": "https://github.com/phpmyadmin/sql-parser",
            "keywords": [
                "analysis",
                "lexer",
                "parser",
                "query linter",
                "sql",
                "sql lexer",
                "sql linter",
                "sql parser",
                "sql syntax highlighter",
                "sql tokenizer"
            ],
            "support": {
                "issues": "https://github.com/phpmyadmin/sql-parser/issues",
                "source": "https://github.com/phpmyadmin/sql-parser"
            },
            "funding": [
                {
                    "url": "https://www.phpmyadmin.net/donate/",
                    "type": "other"
                }
            ],
            "time": "2024-01-20T20:34:02+00:00"
        },
        {
            "name": "simpletools/functionparser",
            "version": "1.0.1",
            "source": {
                "type": "git",
                "url": "https://github.com/getsimpletools/FunctionParser.git",
                "reference": "70be7b13ede36befcbc76bc796740650ecaa14b9"
            },
            "dist": {
                "type": "zip",
                "url": "https://api.github.com/repos/getsimpletools/FunctionParser/zipball/70be7b13ede36befcbc76bc796740650ecaa14b9",
                "reference": "70be7b13ede36befcbc76bc796740650ecaa14b9",
                "shasum": ""
            },
            "require": {
                "php": ">=7.4"
            },
            "type": "library",
            "extra": {
                "branch-alias": {
                    "dev-master": "1.0-dev"
                }
            },
            "autoload": {
                "psr-4": {
                    "FunctionParser\\": "src/"
                }
            },
            "notification-url": "https://packagist.org/downloads/",
            "license": [
                "MIT"
            ],
            "authors": [
                {
                    "name": "Jeremy Lindblom",
                    "role": "Creator"
                },
                {
                    "name": "Ciaran Moore",
                    "role": "Developer"
                }
            ],
            "description": "Function parser for PHP functions, methods, and closures",
            "homepage": "https://github.com/getsimpletools/FunctionParser",
            "keywords": [
                "closure",
                "function",
                "parser",
                "tokenizer"
            ],
            "support": {
                "source": "https://github.com/getsimpletools/FunctionParser/tree/1.0.1"
            },
            "time": "2024-02-16T11:35:03+00:00"
        },
        {
            "name": "symfony/polyfill-mbstring",
            "version": "v1.30.0",
            "source": {
                "type": "git",
                "url": "https://github.com/symfony/polyfill-mbstring.git",
                "reference": "fd22ab50000ef01661e2a31d850ebaa297f8e03c"
            },
            "dist": {
                "type": "zip",
                "url": "https://api.github.com/repos/symfony/polyfill-mbstring/zipball/fd22ab50000ef01661e2a31d850ebaa297f8e03c",
                "reference": "fd22ab50000ef01661e2a31d850ebaa297f8e03c",
                "shasum": ""
            },
            "require": {
                "php": ">=7.1"
            },
            "provide": {
                "ext-mbstring": "*"
            },
            "suggest": {
                "ext-mbstring": "For best performance"
            },
            "type": "library",
            "extra": {
                "thanks": {
                    "name": "symfony/polyfill",
                    "url": "https://github.com/symfony/polyfill"
                }
            },
            "autoload": {
                "files": [
                    "bootstrap.php"
                ],
                "psr-4": {
                    "Symfony\\Polyfill\\Mbstring\\": ""
                }
            },
            "notification-url": "https://packagist.org/downloads/",
            "license": [
                "MIT"
            ],
            "authors": [
                {
                    "name": "Nicolas Grekas",
                    "email": "p@tchwork.com"
                },
                {
                    "name": "Symfony Community",
                    "homepage": "https://symfony.com/contributors"
                }
            ],
            "description": "Symfony polyfill for the Mbstring extension",
            "homepage": "https://symfony.com",
            "keywords": [
                "compatibility",
                "mbstring",
                "polyfill",
                "portable",
                "shim"
            ],
            "support": {
                "source": "https://github.com/symfony/polyfill-mbstring/tree/v1.30.0"
            },
            "funding": [
                {
                    "url": "https://symfony.com/sponsor",
                    "type": "custom"
                },
                {
                    "url": "https://github.com/fabpot",
                    "type": "github"
                },
                {
                    "url": "https://tidelift.com/funding/github/packagist/symfony/symfony",
                    "type": "tidelift"
                }
            ],
            "time": "2024-06-19T12:30:46+00:00"
        },
        {
            "name": "symfony/polyfill-php80",
            "version": "v1.30.0",
            "source": {
                "type": "git",
                "url": "https://github.com/symfony/polyfill-php80.git",
                "reference": "77fa7995ac1b21ab60769b7323d600a991a90433"
            },
            "dist": {
                "type": "zip",
                "url": "https://api.github.com/repos/symfony/polyfill-php80/zipball/77fa7995ac1b21ab60769b7323d600a991a90433",
                "reference": "77fa7995ac1b21ab60769b7323d600a991a90433",
                "shasum": ""
            },
            "require": {
                "php": ">=7.1"
            },
            "type": "library",
            "extra": {
                "thanks": {
                    "name": "symfony/polyfill",
                    "url": "https://github.com/symfony/polyfill"
                }
            },
            "autoload": {
                "files": [
                    "bootstrap.php"
                ],
                "psr-4": {
                    "Symfony\\Polyfill\\Php80\\": ""
                },
                "classmap": [
                    "Resources/stubs"
                ]
            },
            "notification-url": "https://packagist.org/downloads/",
            "license": [
                "MIT"
            ],
            "authors": [
                {
                    "name": "Ion Bazan",
                    "email": "ion.bazan@gmail.com"
                },
                {
                    "name": "Nicolas Grekas",
                    "email": "p@tchwork.com"
                },
                {
                    "name": "Symfony Community",
                    "homepage": "https://symfony.com/contributors"
                }
            ],
            "description": "Symfony polyfill backporting some PHP 8.0+ features to lower PHP versions",
            "homepage": "https://symfony.com",
            "keywords": [
                "compatibility",
                "polyfill",
                "portable",
                "shim"
            ],
            "support": {
                "source": "https://github.com/symfony/polyfill-php80/tree/v1.30.0"
            },
            "funding": [
                {
                    "url": "https://symfony.com/sponsor",
                    "type": "custom"
                },
                {
                    "url": "https://github.com/fabpot",
                    "type": "github"
                },
                {
                    "url": "https://tidelift.com/funding/github/packagist/symfony/symfony",
                    "type": "tidelift"
                }
            ],
            "time": "2024-05-31T15:07:36+00:00"
        }
    ],
    "packages-dev": [],
    "aliases": [],
    "minimum-stability": "stable",
    "stability-flags": [],
    "prefer-stable": false,
    "prefer-lowest": false,
    "platform": [],
    "platform-dev": [],
    "plugin-api-version": "2.6.0"
}
